
Microsoft Visual Studio Solution File, Format Version 12.00
# Visual Studio Version 16
VisualStudioVersion = 16.0.29123.88
MinimumVisualStudioVersion = 10.0.40219.1
Project("{FAE04EC0-301F-11D3-BF4B-00C04F79EFBC}") = "quit", "quit\quit.csproj", "{D2A2D482-5984-4B16-93C2-9BDABBDD8F73}"
EndProject
Project("{FAE04EC0-301F-11D3-BF4B-00C04F79EFBC}") = "quit.Tests", "quit.Tests\quit.Tests.csproj", "{4843128C-6FFE-45D7-B57F-A76E9980E967}"
EndProject
Global
	GlobalSection(SolutionConfigurationPlatforms) = preSolution
		Debug|Any CPU = Debug|Any CPU
		Release|Any CPU = Release|Any CPU
	EndGlobalSection
	GlobalSection(ProjectConfigurationPlatforms) = postSolution
		{D2A2D482-5984-4B16-93C2-9BDABBDD8F73}.Debug|Any CPU.ActiveCfg = Debug|Any CPU
		{D2A2D482-5984-4B16-93C2-9BDABBDD8F73}.Debug|Any CPU.Build.0 = Debug|Any CPU
		{D2A2D482-5984-4B16-93C2-9BDABBDD8F73}.Release|Any CPU.ActiveCfg = Release|Any CPU
		{D2A2D482-5984-4B16-93C2-9BDABBDD8F73}.Release|Any CPU.Build.0 = Release|Any CPU
		{4843128C-6FFE-45D7-B57F-A76E9980E967}.Debug|Any CPU.ActiveCfg = Debug|Any CPU
		{4843128C-6FFE-45D7-B57F-A76E9980E967}.Debug|Any CPU.Build.0 = Debug|Any CPU
		{4843128C-6FFE-45D7-B57F-A76E9980E967}.Release|Any CPU.ActiveCfg = Release|Any CPU
		{4843128C-6FFE-45D7-B57F-A76E9980E967}.Release|Any CPU.Build.0 = Release|Any CPU
	EndGlobalSection
	GlobalSection(SolutionProperties) = preSolution
		HideSolutionNode = FALSE
	EndGlobalSection
	GlobalSection(ExtensibilityGlobals) = postSolution
		SolutionGuid = {2063F2B2-C508-4CFE-B4CC-4B22496868C7}
	EndGlobalSection
EndGlobal
